// !$*UTF8*$!
{
	archiveVersion = 1;
	classes = {
	};
	objectVersion = 56;
	objects = {

/* Begin PBXBuildFile section */
		FC6603452CEBA36A00C66AB5 /* LocalFileManager.swift in Sources */ = {isa = PBXBuildFile; fileRef = FC6603442CEBA36A00C66AB5 /* LocalFileManager.swift */; };
		FC6603472CEC711700C66AB5 /* SearchBarView.swift in Sources */ = {isa = PBXBuildFile; fileRef = FC6603462CEC711700C66AB5 /* SearchBarView.swift */; };
		FC6603492CEC787200C66AB5 /* UIApplication.swift in Sources */ = {isa = PBXBuildFile; fileRef = FC6603482CEC787200C66AB5 /* UIApplication.swift */; };
		FC66034B2CEC84F100C66AB5 /* StatisticModel.swift in Sources */ = {isa = PBXBuildFile; fileRef = FC66034A2CEC84F100C66AB5 /* StatisticModel.swift */; };
		FC66034D2CEC875C00C66AB5 /* StatisticView.swift in Sources */ = {isa = PBXBuildFile; fileRef = FC66034C2CEC875C00C66AB5 /* StatisticView.swift */; };
		FC66034F2CEC8CEE00C66AB5 /* HomeStatView.swift in Sources */ = {isa = PBXBuildFile; fileRef = FC66034E2CEC8CEE00C66AB5 /* HomeStatView.swift */; };
		FC6603512CEDC55100C66AB5 /* MarketDataModel.swift in Sources */ = {isa = PBXBuildFile; fileRef = FC6603502CEDC55100C66AB5 /* MarketDataModel.swift */; };
		FC6603532CEDCB2700C66AB5 /* MarketDataService.swift in Sources */ = {isa = PBXBuildFile; fileRef = FC6603522CEDCB2700C66AB5 /* MarketDataService.swift */; };
		FC6603552CEDF10800C66AB5 /* PortfolioView.swift in Sources */ = {isa = PBXBuildFile; fileRef = FC6603542CEDF10800C66AB5 /* PortfolioView.swift */; };
		FC6603572CEDF41900C66AB5 /* XMarkButton.swift in Sources */ = {isa = PBXBuildFile; fileRef = FC6603562CEDF41900C66AB5 /* XMarkButton.swift */; };
		FC6603592CEDF63300C66AB5 /* CoinLogoView.swift in Sources */ = {isa = PBXBuildFile; fileRef = FC6603582CEDF63300C66AB5 /* CoinLogoView.swift */; };
		FC66035C2CEF183A00C66AB5 /* PortfolioContainer.xcdatamodeld in Sources */ = {isa = PBXBuildFile; fileRef = FC66035A2CEF183A00C66AB5 /* PortfolioContainer.xcdatamodeld */; };
		FC66035E2CEF18D100C66AB5 /* PortfolioDataService.swift in Sources */ = {isa = PBXBuildFile; fileRef = FC66035D2CEF18D100C66AB5 /* PortfolioDataService.swift */; };
		FC6603602CEF391B00C66AB5 /* HapticManager.swift in Sources */ = {isa = PBXBuildFile; fileRef = FC66035F2CEF391B00C66AB5 /* HapticManager.swift */; };
		FC6603652CEFA17600C66AB5 /* DetailView.swift in Sources */ = {isa = PBXBuildFile; fileRef = FC6603642CEFA17600C66AB5 /* DetailView.swift */; };
		FC6603672CF069C100C66AB5 /* CoinDetailModel.swift in Sources */ = {isa = PBXBuildFile; fileRef = FC6603662CF069C100C66AB5 /* CoinDetailModel.swift */; };
		FC6603692CF06FC400C66AB5 /* DetailViewModel.swift in Sources */ = {isa = PBXBuildFile; fileRef = FC6603682CF06FC400C66AB5 /* DetailViewModel.swift */; };
		FC66036B2CF06FE600C66AB5 /* CoinDetailDataService.swift in Sources */ = {isa = PBXBuildFile; fileRef = FC66036A2CF06FE600C66AB5 /* CoinDetailDataService.swift */; };
		FCEB69A22CE885E10065E4E6 /* SwiftUICryptoApp.swift in Sources */ = {isa = PBXBuildFile; fileRef = FCEB69A12CE885E10065E4E6 /* SwiftUICryptoApp.swift */; };
		FCEB69A42CE885E10065E4E6 /* ContentView.swift in Sources */ = {isa = PBXBuildFile; fileRef = FCEB69A32CE885E10065E4E6 /* ContentView.swift */; };
		FCEB69A62CE885E30065E4E6 /* Assets.xcassets in Resources */ = {isa = PBXBuildFile; fileRef = FCEB69A52CE885E30065E4E6 /* Assets.xcassets */; };
		FCEB69A92CE885E30065E4E6 /* Preview Assets.xcassets in Resources */ = {isa = PBXBuildFile; fileRef = FCEB69A82CE885E30065E4E6 /* Preview Assets.xcassets */; };
		FCEB69B12CE88B080065E4E6 /* Color.swift in Sources */ = {isa = PBXBuildFile; fileRef = FCEB69B02CE88B080065E4E6 /* Color.swift */; };
		FCEB69B72CE88E040065E4E6 /* HomeView.swift in Sources */ = {isa = PBXBuildFile; fileRef = FCEB69B62CE88E040065E4E6 /* HomeView.swift */; };
		FCEB69BB2CE890700065E4E6 /* CircleButtonView.swift in Sources */ = {isa = PBXBuildFile; fileRef = FCEB69BA2CE890700065E4E6 /* CircleButtonView.swift */; };
		FCEB69BD2CE8950E0065E4E6 /* CircleButtonAnimationView.swift in Sources */ = {isa = PBXBuildFile; fileRef = FCEB69BC2CE8950E0065E4E6 /* CircleButtonAnimationView.swift */; };
		FCEB69C02CE89C0F0065E4E6 /* CoinModel.swift in Sources */ = {isa = PBXBuildFile; fileRef = FCEB69BF2CE89C0F0065E4E6 /* CoinModel.swift */; };
		FCEB69C22CE8E75E0065E4E6 /* CoinRowView.swift in Sources */ = {isa = PBXBuildFile; fileRef = FCEB69C12CE8E75E0065E4E6 /* CoinRowView.swift */; };
		FCEB69C42CE8E7BF0065E4E6 /* PreviewProvider.swift in Sources */ = {isa = PBXBuildFile; fileRef = FCEB69C32CE8E7BF0065E4E6 /* PreviewProvider.swift */; };
		FCEB69C62CE8EDE20065E4E6 /* Double.swift in Sources */ = {isa = PBXBuildFile; fileRef = FCEB69C52CE8EDE20065E4E6 /* Double.swift */; };
		FCEB69C82CE9D2290065E4E6 /* HomeViewModel.swift in Sources */ = {isa = PBXBuildFile; fileRef = FCEB69C72CE9D2290065E4E6 /* HomeViewModel.swift */; };
		FCEB69CB2CE9ECB70065E4E6 /* CoinDataService.swift in Sources */ = {isa = PBXBuildFile; fileRef = FCEB69CA2CE9ECB70065E4E6 /* CoinDataService.swift */; };
		FCEB69CE2CEB18900065E4E6 /* NetworkingManager.swift in Sources */ = {isa = PBXBuildFile; fileRef = FCEB69CD2CEB18900065E4E6 /* NetworkingManager.swift */; };
		FCEB69D32CEB345D0065E4E6 /* CoinImageView.swift in Sources */ = {isa = PBXBuildFile; fileRef = FCEB69D22CEB345D0065E4E6 /* CoinImageView.swift */; };
		FCEB69D52CEB37160065E4E6 /* CoinImageService.swift in Sources */ = {isa = PBXBuildFile; fileRef = FCEB69D42CEB37160065E4E6 /* CoinImageService.swift */; };
		FCEB69D72CEB39310065E4E6 /* CoinImageViewModel.swift in Sources */ = {isa = PBXBuildFile; fileRef = FCEB69D62CEB39310065E4E6 /* CoinImageViewModel.swift */; };
/* End PBXBuildFile section */

/* Begin PBXFileReference section */
		FC6603442CEBA36A00C66AB5 /* LocalFileManager.swift */ = {isa = PBXFileReference; lastKnownFileType = sourcecode.swift; path = LocalFileManager.swift; sourceTree = "<group>"; };
		FC6603462CEC711700C66AB5 /* SearchBarView.swift */ = {isa = PBXFileReference; lastKnownFileType = sourcecode.swift; path = SearchBarView.swift; sourceTree = "<group>"; };
		FC6603482CEC787200C66AB5 /* UIApplication.swift */ = {isa = PBXFileReference; lastKnownFileType = sourcecode.swift; path = UIApplication.swift; sourceTree = "<group>"; };
		FC66034A2CEC84F100C66AB5 /* StatisticModel.swift */ = {isa = PBXFileReference; lastKnownFileType = sourcecode.swift; path = StatisticModel.swift; sourceTree = "<group>"; };
		FC66034C2CEC875C00C66AB5 /* StatisticView.swift */ = {isa = PBXFileReference; lastKnownFileType = sourcecode.swift; path = StatisticView.swift; sourceTree = "<group>"; };
		FC66034E2CEC8CEE00C66AB5 /* HomeStatView.swift */ = {isa = PBXFileReference; lastKnownFileType = sourcecode.swift; path = HomeStatView.swift; sourceTree = "<group>"; };
		FC6603502CEDC55100C66AB5 /* MarketDataModel.swift */ = {isa = PBXFileReference; lastKnownFileType = sourcecode.swift; path = MarketDataModel.swift; sourceTree = "<group>"; };
		FC6603522CEDCB2700C66AB5 /* MarketDataService.swift */ = {isa = PBXFileReference; lastKnownFileType = sourcecode.swift; path = MarketDataService.swift; sourceTree = "<group>"; };
		FC6603542CEDF10800C66AB5 /* PortfolioView.swift */ = {isa = PBXFileReference; lastKnownFileType = sourcecode.swift; path = PortfolioView.swift; sourceTree = "<group>"; };
		FC6603562CEDF41900C66AB5 /* XMarkButton.swift */ = {isa = PBXFileReference; lastKnownFileType = sourcecode.swift; path = XMarkButton.swift; sourceTree = "<group>"; };
		FC6603582CEDF63300C66AB5 /* CoinLogoView.swift */ = {isa = PBXFileReference; lastKnownFileType = sourcecode.swift; path = CoinLogoView.swift; sourceTree = "<group>"; };
		FC66035B2CEF183A00C66AB5 /* PortfolioContainer.xcdatamodel */ = {isa = PBXFileReference; lastKnownFileType = wrapper.xcdatamodel; path = PortfolioContainer.xcdatamodel; sourceTree = "<group>"; };
		FC66035D2CEF18D100C66AB5 /* PortfolioDataService.swift */ = {isa = PBXFileReference; lastKnownFileType = sourcecode.swift; path = PortfolioDataService.swift; sourceTree = "<group>"; };
		FC66035F2CEF391B00C66AB5 /* HapticManager.swift */ = {isa = PBXFileReference; lastKnownFileType = sourcecode.swift; path = HapticManager.swift; sourceTree = "<group>"; };
		FC6603642CEFA17600C66AB5 /* DetailView.swift */ = {isa = PBXFileReference; lastKnownFileType = sourcecode.swift; path = DetailView.swift; sourceTree = "<group>"; };
		FC6603662CF069C100C66AB5 /* CoinDetailModel.swift */ = {isa = PBXFileReference; lastKnownFileType = sourcecode.swift; path = CoinDetailModel.swift; sourceTree = "<group>"; };
		FC6603682CF06FC400C66AB5 /* DetailViewModel.swift */ = {isa = PBXFileReference; lastKnownFileType = sourcecode.swift; path = DetailViewModel.swift; sourceTree = "<group>"; };
		FC66036A2CF06FE600C66AB5 /* CoinDetailDataService.swift */ = {isa = PBXFileReference; lastKnownFileType = sourcecode.swift; path = CoinDetailDataService.swift; sourceTree = "<group>"; };
		FCEB699E2CE885E10065E4E6 /* SwiftUICrypto.app */ = {isa = PBXFileReference; explicitFileType = wrapper.application; includeInIndex = 0; path = SwiftUICrypto.app; sourceTree = BUILT_PRODUCTS_DIR; };
		FCEB69A12CE885E10065E4E6 /* SwiftUICryptoApp.swift */ = {isa = PBXFileReference; lastKnownFileType = sourcecode.swift; path = SwiftUICryptoApp.swift; sourceTree = "<group>"; };
		FCEB69A32CE885E10065E4E6 /* ContentView.swift */ = {isa = PBXFileReference; lastKnownFileType = sourcecode.swift; path = ContentView.swift; sourceTree = "<group>"; };
		FCEB69A52CE885E30065E4E6 /* Assets.xcassets */ = {isa = PBXFileReference; lastKnownFileType = folder.assetcatalog; path = Assets.xcassets; sourceTree = "<group>"; };
		FCEB69A82CE885E30065E4E6 /* Preview Assets.xcassets */ = {isa = PBXFileReference; lastKnownFileType = folder.assetcatalog; path = "Preview Assets.xcassets"; sourceTree = "<group>"; };
		FCEB69B02CE88B080065E4E6 /* Color.swift */ = {isa = PBXFileReference; lastKnownFileType = sourcecode.swift; path = Color.swift; sourceTree = "<group>"; };
		FCEB69B62CE88E040065E4E6 /* HomeView.swift */ = {isa = PBXFileReference; lastKnownFileType = sourcecode.swift; path = HomeView.swift; sourceTree = "<group>"; };
		FCEB69BA2CE890700065E4E6 /* CircleButtonView.swift */ = {isa = PBXFileReference; lastKnownFileType = sourcecode.swift; path = CircleButtonView.swift; sourceTree = "<group>"; };
		FCEB69BC2CE8950E0065E4E6 /* CircleButtonAnimationView.swift */ = {isa = PBXFileReference; lastKnownFileType = sourcecode.swift; path = CircleButtonAnimationView.swift; sourceTree = "<group>"; };
		FCEB69BF2CE89C0F0065E4E6 /* CoinModel.swift */ = {isa = PBXFileReference; lastKnownFileType = sourcecode.swift; path = CoinModel.swift; sourceTree = "<group>"; };
		FCEB69C12CE8E75E0065E4E6 /* CoinRowView.swift */ = {isa = PBXFileReference; lastKnownFileType = sourcecode.swift; path = CoinRowView.swift; sourceTree = "<group>"; };
		FCEB69C32CE8E7BF0065E4E6 /* PreviewProvider.swift */ = {isa = PBXFileReference; lastKnownFileType = sourcecode.swift; path = PreviewProvider.swift; sourceTree = "<group>"; };
		FCEB69C52CE8EDE20065E4E6 /* Double.swift */ = {isa = PBXFileReference; lastKnownFileType = sourcecode.swift; path = Double.swift; sourceTree = "<group>"; };
		FCEB69C72CE9D2290065E4E6 /* HomeViewModel.swift */ = {isa = PBXFileReference; lastKnownFileType = sourcecode.swift; path = HomeViewModel.swift; sourceTree = "<group>"; };
		FCEB69CA2CE9ECB70065E4E6 /* CoinDataService.swift */ = {isa = PBXFileReference; lastKnownFileType = sourcecode.swift; path = CoinDataService.swift; sourceTree = "<group>"; };
		FCEB69CD2CEB18900065E4E6 /* NetworkingManager.swift */ = {isa = PBXFileReference; lastKnownFileType = sourcecode.swift; path = NetworkingManager.swift; sourceTree = "<group>"; };
		FCEB69D22CEB345D0065E4E6 /* CoinImageView.swift */ = {isa = PBXFileReference; lastKnownFileType = sourcecode.swift; path = CoinImageView.swift; sourceTree = "<group>"; };
		FCEB69D42CEB37160065E4E6 /* CoinImageService.swift */ = {isa = PBXFileReference; lastKnownFileType = sourcecode.swift; path = CoinImageService.swift; sourceTree = "<group>"; };
		FCEB69D62CEB39310065E4E6 /* CoinImageViewModel.swift */ = {isa = PBXFileReference; lastKnownFileType = sourcecode.swift; path = CoinImageViewModel.swift; sourceTree = "<group>"; };
/* End PBXFileReference section */

/* Begin PBXFrameworksBuildPhase section */
		FCEB699B2CE885E10065E4E6 /* Frameworks */ = {
			isa = PBXFrameworksBuildPhase;
			buildActionMask = 2147483647;
			files = (
			);
			runOnlyForDeploymentPostprocessing = 0;
		};
/* End PBXFrameworksBuildPhase section */

/* Begin PBXGroup section */
		FC6603612CEFA13800C66AB5 /* Detail */ = {
			isa = PBXGroup;
			children = (
				FC6603632CEFA16500C66AB5 /* ViewModels */,
				FC6603622CEFA16100C66AB5 /* Views */,
			);
			path = Detail;
			sourceTree = "<group>";
		};
		FC6603622CEFA16100C66AB5 /* Views */ = {
			isa = PBXGroup;
			children = (
				FC6603642CEFA17600C66AB5 /* DetailView.swift */,
			);
			path = Views;
			sourceTree = "<group>";
		};
		FC6603632CEFA16500C66AB5 /* ViewModels */ = {
			isa = PBXGroup;
			children = (
				FC6603682CF06FC400C66AB5 /* DetailViewModel.swift */,
			);
			path = ViewModels;
			sourceTree = "<group>";
		};
		FCEB69952CE885E10065E4E6 = {
			isa = PBXGroup;
			children = (
				FCEB69A02CE885E10065E4E6 /* SwiftUICrypto */,
				FCEB699F2CE885E10065E4E6 /* Products */,
			);
			sourceTree = "<group>";
		};
		FCEB699F2CE885E10065E4E6 /* Products */ = {
			isa = PBXGroup;
			children = (
				FCEB699E2CE885E10065E4E6 /* SwiftUICrypto.app */,
			);
			name = Products;
			sourceTree = "<group>";
		};
		FCEB69A02CE885E10065E4E6 /* SwiftUICrypto */ = {
			isa = PBXGroup;
			children = (
				FCEB69A12CE885E10065E4E6 /* SwiftUICryptoApp.swift */,
				FCEB69CC2CEB18630065E4E6 /* Utilities */,
				FCEB69AF2CE88AF10065E4E6 /* Extensions */,
				FCEB69C92CE9EC8C0065E4E6 /* Services */,
				FCEB69BE2CE89BF20065E4E6 /* Models */,
				FCEB69B22CE88DCD0065E4E6 /* Core */,
				FCEB69A32CE885E10065E4E6 /* ContentView.swift */,
				FCEB69A52CE885E30065E4E6 /* Assets.xcassets */,
				FCEB69A72CE885E30065E4E6 /* Preview Content */,
			);
			path = SwiftUICrypto;
			sourceTree = "<group>";
		};
		FCEB69A72CE885E30065E4E6 /* Preview Content */ = {
			isa = PBXGroup;
			children = (
				FCEB69A82CE885E30065E4E6 /* Preview Assets.xcassets */,
			);
			path = "Preview Content";
			sourceTree = "<group>";
		};
		FCEB69AF2CE88AF10065E4E6 /* Extensions */ = {
			isa = PBXGroup;
			children = (
				FCEB69B02CE88B080065E4E6 /* Color.swift */,
				FCEB69C32CE8E7BF0065E4E6 /* PreviewProvider.swift */,
				FCEB69C52CE8EDE20065E4E6 /* Double.swift */,
				FC6603482CEC787200C66AB5 /* UIApplication.swift */,
			);
			path = Extensions;
			sourceTree = "<group>";
		};
		FCEB69B22CE88DCD0065E4E6 /* Core */ = {
			isa = PBXGroup;
			children = (
				FC6603612CEFA13800C66AB5 /* Detail */,
				FCEB69B82CE88FE60065E4E6 /* Components */,
				FCEB69B32CE88DDE0065E4E6 /* Home */,
			);
			path = Core;
			sourceTree = "<group>";
		};
		FCEB69B32CE88DDE0065E4E6 /* Home */ = {
			isa = PBXGroup;
			children = (
				FCEB69B52CE88DF70065E4E6 /* ViewModels */,
				FCEB69B42CE88DEF0065E4E6 /* Views */,
			);
			path = Home;
			sourceTree = "<group>";
		};
		FCEB69B42CE88DEF0065E4E6 /* Views */ = {
			isa = PBXGroup;
			children = (
				FCEB69B62CE88E040065E4E6 /* HomeView.swift */,
				FCEB69C12CE8E75E0065E4E6 /* CoinRowView.swift */,
				FC66034E2CEC8CEE00C66AB5 /* HomeStatView.swift */,
				FC6603542CEDF10800C66AB5 /* PortfolioView.swift */,
			);
			path = Views;
			sourceTree = "<group>";
		};
		FCEB69B52CE88DF70065E4E6 /* ViewModels */ = {
			isa = PBXGroup;
			children = (
				FCEB69C72CE9D2290065E4E6 /* HomeViewModel.swift */,
			);
			path = ViewModels;
			sourceTree = "<group>";
		};
		FCEB69B82CE88FE60065E4E6 /* Components */ = {
			isa = PBXGroup;
			children = (
				FCEB69CF2CEB343C0065E4E6 /* CoinImage */,
				FCEB69B92CE8905F0065E4E6 /* CircleButton */,
				FC6603462CEC711700C66AB5 /* SearchBarView.swift */,
				FC66034C2CEC875C00C66AB5 /* StatisticView.swift */,
				FC6603562CEDF41900C66AB5 /* XMarkButton.swift */,
			);
			path = Components;
			sourceTree = "<group>";
		};
		FCEB69B92CE8905F0065E4E6 /* CircleButton */ = {
			isa = PBXGroup;
			children = (
				FCEB69BA2CE890700065E4E6 /* CircleButtonView.swift */,
				FCEB69BC2CE8950E0065E4E6 /* CircleButtonAnimationView.swift */,
			);
			path = CircleButton;
			sourceTree = "<group>";
		};
		FCEB69BE2CE89BF20065E4E6 /* Models */ = {
			isa = PBXGroup;
			children = (
				FCEB69BF2CE89C0F0065E4E6 /* CoinModel.swift */,
				FC66034A2CEC84F100C66AB5 /* StatisticModel.swift */,
				FC6603502CEDC55100C66AB5 /* MarketDataModel.swift */,
				FC66035A2CEF183A00C66AB5 /* PortfolioContainer.xcdatamodeld */,
				FC6603662CF069C100C66AB5 /* CoinDetailModel.swift */,
			);
			path = Models;
			sourceTree = "<group>";
		};
		FCEB69C92CE9EC8C0065E4E6 /* Services */ = {
			isa = PBXGroup;
			children = (
				FCEB69CA2CE9ECB70065E4E6 /* CoinDataService.swift */,
				FC66036A2CF06FE600C66AB5 /* CoinDetailDataService.swift */,
				FCEB69D42CEB37160065E4E6 /* CoinImageService.swift */,
				FC6603522CEDCB2700C66AB5 /* MarketDataService.swift */,
				FC66035D2CEF18D100C66AB5 /* PortfolioDataService.swift */,
			);
			path = Services;
			sourceTree = "<group>";
		};
		FCEB69CC2CEB18630065E4E6 /* Utilities */ = {
			isa = PBXGroup;
			children = (
				FCEB69CD2CEB18900065E4E6 /* NetworkingManager.swift */,
				FC6603442CEBA36A00C66AB5 /* LocalFileManager.swift */,
				FC66035F2CEF391B00C66AB5 /* HapticManager.swift */,
			);
			path = Utilities;
			sourceTree = "<group>";
		};
		FCEB69CF2CEB343C0065E4E6 /* CoinImage */ = {
			isa = PBXGroup;
			children = (
				FCEB69D22CEB345D0065E4E6 /* CoinImageView.swift */,
				FCEB69D62CEB39310065E4E6 /* CoinImageViewModel.swift */,
				FC6603582CEDF63300C66AB5 /* CoinLogoView.swift */,
			);
			path = CoinImage;
			sourceTree = "<group>";
		};
/* End PBXGroup section */

/* Begin PBXNativeTarget section */
		FCEB699D2CE885E10065E4E6 /* SwiftUICrypto */ = {
			isa = PBXNativeTarget;
			buildConfigurationList = FCEB69AC2CE885E30065E4E6 /* Build configuration list for PBXNativeTarget "SwiftUICrypto" */;
			buildPhases = (
				FCEB699A2CE885E10065E4E6 /* Sources */,
				FCEB699B2CE885E10065E4E6 /* Frameworks */,
				FCEB699C2CE885E10065E4E6 /* Resources */,
			);
			buildRules = (
			);
			dependencies = (
			);
			name = SwiftUICrypto;
			productName = SwiftUICrypto;
			productReference = FCEB699E2CE885E10065E4E6 /* SwiftUICrypto.app */;
			productType = "com.apple.product-type.application";
		};
/* End PBXNativeTarget section */

/* Begin PBXProject section */
		FCEB69962CE885E10065E4E6 /* Project object */ = {
			isa = PBXProject;
			attributes = {
				BuildIndependentTargetsInParallel = 1;
				LastSwiftUpdateCheck = 1540;
				LastUpgradeCheck = 1540;
				TargetAttributes = {
					FCEB699D2CE885E10065E4E6 = {
						CreatedOnToolsVersion = 15.4;
					};
				};
			};
			buildConfigurationList = FCEB69992CE885E10065E4E6 /* Build configuration list for PBXProject "SwiftUICrypto" */;
			compatibilityVersion = "Xcode 14.0";
			developmentRegion = en;
			hasScannedForEncodings = 0;
			knownRegions = (
				en,
				Base,
			);
			mainGroup = FCEB69952CE885E10065E4E6;
			productRefGroup = FCEB699F2CE885E10065E4E6 /* Products */;
			projectDirPath = "";
			projectRoot = "";
			targets = (
				FCEB699D2CE885E10065E4E6 /* SwiftUICrypto */,
			);
		};
/* End PBXProject section */

/* Begin PBXResourcesBuildPhase section */
		FCEB699C2CE885E10065E4E6 /* Resources */ = {
			isa = PBXResourcesBuildPhase;
			buildActionMask = 2147483647;
			files = (
				FCEB69A92CE885E30065E4E6 /* Preview Assets.xcassets in Resources */,
				FCEB69A62CE885E30065E4E6 /* Assets.xcassets in Resources */,
			);
			runOnlyForDeploymentPostprocessing = 0;
		};
/* End PBXResourcesBuildPhase section */

/* Begin PBXSourcesBuildPhase section */
		FCEB699A2CE885E10065E4E6 /* Sources */ = {
			isa = PBXSourcesBuildPhase;
			buildActionMask = 2147483647;
			files = (
				FC66035C2CEF183A00C66AB5 /* PortfolioContainer.xcdatamodeld in Sources */,
				FC66034B2CEC84F100C66AB5 /* StatisticModel.swift in Sources */,
				FCEB69CB2CE9ECB70065E4E6 /* CoinDataService.swift in Sources */,
				FCEB69C22CE8E75E0065E4E6 /* CoinRowView.swift in Sources */,
				FC6603572CEDF41900C66AB5 /* XMarkButton.swift in Sources */,
				FCEB69C82CE9D2290065E4E6 /* HomeViewModel.swift in Sources */,
				FCEB69A42CE885E10065E4E6 /* ContentView.swift in Sources */,
				FC6603452CEBA36A00C66AB5 /* LocalFileManager.swift in Sources */,
				FC6603512CEDC55100C66AB5 /* MarketDataModel.swift in Sources */,
				FCEB69B72CE88E040065E4E6 /* HomeView.swift in Sources */,
				FC66034D2CEC875C00C66AB5 /* StatisticView.swift in Sources */,
				FCEB69D32CEB345D0065E4E6 /* CoinImageView.swift in Sources */,
				FCEB69A22CE885E10065E4E6 /* SwiftUICryptoApp.swift in Sources */,
				FC6603492CEC787200C66AB5 /* UIApplication.swift in Sources */,
				FCEB69BB2CE890700065E4E6 /* CircleButtonView.swift in Sources */,
				FCEB69B12CE88B080065E4E6 /* Color.swift in Sources */,
				FC6603652CEFA17600C66AB5 /* DetailView.swift in Sources */,
				FC6603602CEF391B00C66AB5 /* HapticManager.swift in Sources */,
				FC66034F2CEC8CEE00C66AB5 /* HomeStatView.swift in Sources */,
				FC6603472CEC711700C66AB5 /* SearchBarView.swift in Sources */,
				FC6603592CEDF63300C66AB5 /* CoinLogoView.swift in Sources */,
				FCEB69CE2CEB18900065E4E6 /* NetworkingManager.swift in Sources */,
				FC6603532CEDCB2700C66AB5 /* MarketDataService.swift in Sources */,
				FCEB69BD2CE8950E0065E4E6 /* CircleButtonAnimationView.swift in Sources */,
				FCEB69D72CEB39310065E4E6 /* CoinImageViewModel.swift in Sources */,
				FCEB69C42CE8E7BF0065E4E6 /* PreviewProvider.swift in Sources */,
				FC6603552CEDF10800C66AB5 /* PortfolioView.swift in Sources */,
				FCEB69C62CE8EDE20065E4E6 /* Double.swift in Sources */,
				FCEB69D52CEB37160065E4E6 /* CoinImageService.swift in Sources */,
				FC6603672CF069C100C66AB5 /* CoinDetailModel.swift in Sources */,
				FCEB69C02CE89C0F0065E4E6 /* CoinModel.swift in Sources */,
				FC66036B2CF06FE600C66AB5 /* CoinDetailDataService.swift in Sources */,
				FC6603692CF06FC400C66AB5 /* DetailViewModel.swift in Sources */,
				FC66035E2CEF18D100C66AB5 /* PortfolioDataService.swift in Sources */,
			);
			runOnlyForDeploymentPostprocessing = 0;
		};
/* End PBXSourcesBuildPhase section */

/* Begin XCBuildConfiguration section */
		FCEB69AA2CE885E30065E4E6 /* Debug */ = {
			isa = XCBuildConfiguration;
			buildSettings = {
				ALWAYS_SEARCH_USER_PATHS = NO;
				ASSETCATALOG_COMPILER_GENERATE_SWIFT_ASSET_SYMBOL_EXTENSIONS = YES;
				CLANG_ANALYZER_NONNULL = YES;
				CLANG_ANALYZER_NUMBER_OBJECT_CONVERSION = YES_AGGRESSIVE;
				CLANG_CXX_LANGUAGE_STANDARD = "gnu++20";
				CLANG_ENABLE_MODULES = YES;
				CLANG_ENABLE_OBJC_ARC = YES;
				CLANG_ENABLE_OBJC_WEAK = YES;
				CLANG_WARN_BLOCK_CAPTURE_AUTORELEASING = YES;
				CLANG_WARN_BOOL_CONVERSION = YES;
				CLANG_WARN_COMMA = YES;
				CLANG_WARN_CONSTANT_CONVERSION = YES;
				CLANG_WARN_DEPRECATED_OBJC_IMPLEMENTATIONS = YES;
				CLANG_WARN_DIRECT_OBJC_ISA_USAGE = YES_ERROR;
				CLANG_WARN_DOCUMENTATION_COMMENTS = YES;
				CLANG_WARN_EMPTY_BODY = YES;
				CLANG_WARN_ENUM_CONVERSION = YES;
				CLANG_WARN_INFINITE_RECURSION = YES;
				CLANG_WARN_INT_CONVERSION = YES;
				CLANG_WARN_NON_LITERAL_NULL_CONVERSION = YES;
				CLANG_WARN_OBJC_IMPLICIT_RETAIN_SELF = YES;
				CLANG_WARN_OBJC_LITERAL_CONVERSION = YES;
				CLANG_WARN_OBJC_ROOT_CLASS = YES_ERROR;
				CLANG_WARN_QUOTED_INCLUDE_IN_FRAMEWORK_HEADER = YES;
				CLANG_WARN_RANGE_LOOP_ANALYSIS = YES;
				CLANG_WARN_STRICT_PROTOTYPES = YES;
				CLANG_WARN_SUSPICIOUS_MOVE = YES;
				CLANG_WARN_UNGUARDED_AVAILABILITY = YES_AGGRESSIVE;
				CLANG_WARN_UNREACHABLE_CODE = YES;
				CLANG_WARN__DUPLICATE_METHOD_MATCH = YES;
				COPY_PHASE_STRIP = NO;
				DEBUG_INFORMATION_FORMAT = dwarf;
				ENABLE_STRICT_OBJC_MSGSEND = YES;
				ENABLE_TESTABILITY = YES;
				ENABLE_USER_SCRIPT_SANDBOXING = YES;
				GCC_C_LANGUAGE_STANDARD = gnu17;
				GCC_DYNAMIC_NO_PIC = NO;
				GCC_NO_COMMON_BLOCKS = YES;
				GCC_OPTIMIZATION_LEVEL = 0;
				GCC_PREPROCESSOR_DEFINITIONS = (
					"DEBUG=1",
					"$(inherited)",
				);
				GCC_WARN_64_TO_32_BIT_CONVERSION = YES;
				GCC_WARN_ABOUT_RETURN_TYPE = YES_ERROR;
				GCC_WARN_UNDECLARED_SELECTOR = YES;
				GCC_WARN_UNINITIALIZED_AUTOS = YES_AGGRESSIVE;
				GCC_WARN_UNUSED_FUNCTION = YES;
				GCC_WARN_UNUSED_VARIABLE = YES;
				IPHONEOS_DEPLOYMENT_TARGET = 17.5;
				LOCALIZATION_PREFERS_STRING_CATALOGS = YES;
				MTL_ENABLE_DEBUG_INFO = INCLUDE_SOURCE;
				MTL_FAST_MATH = YES;
				ONLY_ACTIVE_ARCH = YES;
				SDKROOT = iphoneos;
				SWIFT_ACTIVE_COMPILATION_CONDITIONS = "DEBUG $(inherited)";
				SWIFT_OPTIMIZATION_LEVEL = "-Onone";
			};
			name = Debug;
		};
		FCEB69AB2CE885E30065E4E6 /* Release */ = {
			isa = XCBuildConfiguration;
			buildSettings = {
				ALWAYS_SEARCH_USER_PATHS = NO;
				ASSETCATALOG_COMPILER_GENERATE_SWIFT_ASSET_SYMBOL_EXTENSIONS = YES;
				CLANG_ANALYZER_NONNULL = YES;
				CLANG_ANALYZER_NUMBER_OBJECT_CONVERSION = YES_AGGRESSIVE;
				CLANG_CXX_LANGUAGE_STANDARD = "gnu++20";
				CLANG_ENABLE_MODULES = YES;
				CLANG_ENABLE_OBJC_ARC = YES;
				CLANG_ENABLE_OBJC_WEAK = YES;
				CLANG_WARN_BLOCK_CAPTURE_AUTORELEASING = YES;
				CLANG_WARN_BOOL_CONVERSION = YES;
				CLANG_WARN_COMMA = YES;
				CLANG_WARN_CONSTANT_CONVERSION = YES;
				CLANG_WARN_DEPRECATED_OBJC_IMPLEMENTATIONS = YES;
				CLANG_WARN_DIRECT_OBJC_ISA_USAGE = YES_ERROR;
				CLANG_WARN_DOCUMENTATION_COMMENTS = YES;
				CLANG_WARN_EMPTY_BODY = YES;
				CLANG_WARN_ENUM_CONVERSION = YES;
				CLANG_WARN_INFINITE_RECURSION = YES;
				CLANG_WARN_INT_CONVERSION = YES;
				CLANG_WARN_NON_LITERAL_NULL_CONVERSION = YES;
				CLANG_WARN_OBJC_IMPLICIT_RETAIN_SELF = YES;
				CLANG_WARN_OBJC_LITERAL_CONVERSION = YES;
				CLANG_WARN_OBJC_ROOT_CLASS = YES_ERROR;
				CLANG_WARN_QUOTED_INCLUDE_IN_FRAMEWORK_HEADER = YES;
				CLANG_WARN_RANGE_LOOP_ANALYSIS = YES;
				CLANG_WARN_STRICT_PROTOTYPES = YES;
				CLANG_WARN_SUSPICIOUS_MOVE = YES;
				CLANG_WARN_UNGUARDED_AVAILABILITY = YES_AGGRESSIVE;
				CLANG_WARN_UNREACHABLE_CODE = YES;
				CLANG_WARN__DUPLICATE_METHOD_MATCH = YES;
				COPY_PHASE_STRIP = NO;
				DEBUG_INFORMATION_FORMAT = "dwarf-with-dsym";
				ENABLE_NS_ASSERTIONS = NO;
				ENABLE_STRICT_OBJC_MSGSEND = YES;
				ENABLE_USER_SCRIPT_SANDBOXING = YES;
				GCC_C_LANGUAGE_STANDARD = gnu17;
				GCC_NO_COMMON_BLOCKS = YES;
				GCC_WARN_64_TO_32_BIT_CONVERSION = YES;
				GCC_WARN_ABOUT_RETURN_TYPE = YES_ERROR;
				GCC_WARN_UNDECLARED_SELECTOR = YES;
				GCC_WARN_UNINITIALIZED_AUTOS = YES_AGGRESSIVE;
				GCC_WARN_UNUSED_FUNCTION = YES;
				GCC_WARN_UNUSED_VARIABLE = YES;
				IPHONEOS_DEPLOYMENT_TARGET = 17.5;
				LOCALIZATION_PREFERS_STRING_CATALOGS = YES;
				MTL_ENABLE_DEBUG_INFO = NO;
				MTL_FAST_MATH = YES;
				SDKROOT = iphoneos;
				SWIFT_COMPILATION_MODE = wholemodule;
				VALIDATE_PRODUCT = YES;
			};
			name = Release;
		};
		FCEB69AD2CE885E30065E4E6 /* Debug */ = {
			isa = XCBuildConfiguration;
			buildSettings = {
				ASSETCATALOG_COMPILER_APPICON_NAME = AppIcon;
				ASSETCATALOG_COMPILER_GLOBAL_ACCENT_COLOR_NAME = AccentColor;
				CODE_SIGN_STYLE = Automatic;
				CURRENT_PROJECT_VERSION = 1;
				DEVELOPMENT_ASSET_PATHS = "\"SwiftUICrypto/Preview Content\"";
				DEVELOPMENT_TEAM = M9K46FZ8RX;
				ENABLE_PREVIEWS = YES;
				GENERATE_INFOPLIST_FILE = YES;
				INFOPLIST_KEY_CFBundleDisplayName = "Crypto Tracker";
				INFOPLIST_KEY_UIApplicationSceneManifest_Generation = YES;
				INFOPLIST_KEY_UIApplicationSupportsIndirectInputEvents = YES;
				INFOPLIST_KEY_UILaunchScreen_Generation = YES;
				INFOPLIST_KEY_UISupportedInterfaceOrientations = UIInterfaceOrientationPortrait;
				INFOPLIST_KEY_UISupportedInterfaceOrientations_iPad = "UIInterfaceOrientationLandscapeLeft UIInterfaceOrientationLandscapeRight UIInterfaceOrientationPortrait UIInterfaceOrientationPortraitUpsideDown";
				LD_RUNPATH_SEARCH_PATHS = (
					"$(inherited)",
					"@executable_path/Frameworks",
				);
				MARKETING_VERSION = 1.0;
				PRODUCT_BUNDLE_IDENTIFIER = com.nhiluu.SwiftUICrypto;
				PRODUCT_NAME = "$(TARGET_NAME)";
				SWIFT_EMIT_LOC_STRINGS = YES;
				SWIFT_VERSION = 5.0;
				TARGETED_DEVICE_FAMILY = "1,2";
			};
			name = Debug;
		};
		FCEB69AE2CE885E30065E4E6 /* Release */ = {
			isa = XCBuildConfiguration;
			buildSettings = {
				ASSETCATALOG_COMPILER_APPICON_NAME = AppIcon;
				ASSETCATALOG_COMPILER_GLOBAL_ACCENT_COLOR_NAME = AccentColor;
				CODE_SIGN_STYLE = Automatic;
				CURRENT_PROJECT_VERSION = 1;
				DEVELOPMENT_ASSET_PATHS = "\"SwiftUICrypto/Preview Content\"";
				DEVELOPMENT_TEAM = M9K46FZ8RX;
				ENABLE_PREVIEWS = YES;
				GENERATE_INFOPLIST_FILE = YES;
				INFOPLIST_KEY_CFBundleDisplayName = "Crypto Tracker";
				INFOPLIST_KEY_UIApplicationSceneManifest_Generation = YES;
				INFOPLIST_KEY_UIApplicationSupportsIndirectInputEvents = YES;
				INFOPLIST_KEY_UILaunchScreen_Generation = YES;
				INFOPLIST_KEY_UISupportedInterfaceOrientations = UIInterfaceOrientationPortrait;
				INFOPLIST_KEY_UISupportedInterfaceOrientations_iPad = "UIInterfaceOrientationLandscapeLeft UIInterfaceOrientationLandscapeRight UIInterfaceOrientationPortrait UIInterfaceOrientationPortraitUpsideDown";
				LD_RUNPATH_SEARCH_PATHS = (
					"$(inherited)",
					"@executable_path/Frameworks",
				);
				MARKETING_VERSION = 1.0;
				PRODUCT_BUNDLE_IDENTIFIER = com.nhiluu.SwiftUICrypto;
				PRODUCT_NAME = "$(TARGET_NAME)";
				SWIFT_EMIT_LOC_STRINGS = YES;
				SWIFT_VERSION = 5.0;
				TARGETED_DEVICE_FAMILY = "1,2";
			};
			name = Release;
		};
/* End XCBuildConfiguration section */

/* Begin XCConfigurationList section */
		FCEB69992CE885E10065E4E6 /* Build configuration list for PBXProject "SwiftUICrypto" */ = {
			isa = XCConfigurationList;
			buildConfigurations = (
				FCEB69AA2CE885E30065E4E6 /* Debug */,
				FCEB69AB2CE885E30065E4E6 /* Release */,
			);
			defaultConfigurationIsVisible = 0;
			defaultConfigurationName = Release;
		};
		FCEB69AC2CE885E30065E4E6 /* Build configuration list for PBXNativeTarget "SwiftUICrypto" */ = {
			isa = XCConfigurationList;
			buildConfigurations = (
				FCEB69AD2CE885E30065E4E6 /* Debug */,
				FCEB69AE2CE885E30065E4E6 /* Release */,
			);
			defaultConfigurationIsVisible = 0;
			defaultConfigurationName = Release;
		};
/* End XCConfigurationList section */

/* Begin XCVersionGroup section */
		FC66035A2CEF183A00C66AB5 /* PortfolioContainer.xcdatamodeld */ = {
			isa = XCVersionGroup;
			children = (
				FC66035B2CEF183A00C66AB5 /* PortfolioContainer.xcdatamodel */,
			);
			currentVersion = FC66035B2CEF183A00C66AB5 /* PortfolioContainer.xcdatamodel */;
			name = PortfolioContainer.xcdatamodeld;
			path = /Users/luuyennhi/Documents/Study_IOS/SwiftUICrypto/SwiftUICrypto/Models/PortfolioContainer.xcdatamodeld;
			sourceTree = "<group>";
			versionGroupType = wrapper.xcdatamodel;
		};
/* End XCVersionGroup section */
	};
	rootObject = FCEB69962CE885E10065E4E6 /* Project object */;
}
